// !$*UTF8*$!
{
	archiveVersion = 1;
	classes = {
	};
	objectVersion = 50;
	objects = {

/* Begin PBXBuildFile section */
		F2FB44C023AC31D800EE297A /* AppDelegate.swift in Sources */ = {isa = PBXBuildFile; fileRef = F2FB44BF23AC31D800EE297A /* AppDelegate.swift */; };
		F2FB44C223AC31D800EE297A /* SceneDelegate.swift in Sources */ = {isa = PBXBuildFile; fileRef = F2FB44C123AC31D800EE297A /* SceneDelegate.swift */; };
		F2FB44C423AC31D800EE297A /* ContentView.swift in Sources */ = {isa = PBXBuildFile; fileRef = F2FB44C323AC31D800EE297A /* ContentView.swift */; };
		F2FB44C623AC31DA00EE297A /* Assets.xcassets in Resources */ = {isa = PBXBuildFile; fileRef = F2FB44C523AC31DA00EE297A /* Assets.xcassets */; };
		F2FB44C923AC31DA00EE297A /* Preview Assets.xcassets in Resources */ = {isa = PBXBuildFile; fileRef = F2FB44C823AC31DA00EE297A /* Preview Assets.xcassets */; };
		F2FB44CC23AC31DA00EE297A /* LaunchScreen.storyboard in Resources */ = {isa = PBXBuildFile; fileRef = F2FB44CA23AC31DA00EE297A /* LaunchScreen.storyboard */; };
/* End PBXBuildFile section */

/* Begin PBXFileReference section */
		F2FB44BC23AC31D800EE297A /* LearnSmart.app */ = {isa = PBXFileReference; explicitFileType = wrapper.application; includeInIndex = 0; path = LearnSmart.app; sourceTree = BUILT_PRODUCTS_DIR; };
		F2FB44BF23AC31D800EE297A /* AppDelegate.swift */ = {isa = PBXFileReference; lastKnownFileType = sourcecode.swift; path = AppDelegate.swift; sourceTree = "<group>"; };
		F2FB44C123AC31D800EE297A /* SceneDelegate.swift */ = {isa = PBXFileReference; lastKnownFileType = sourcecode.swift; path = SceneDelegate.swift; sourceTree = "<group>"; };
		F2FB44C323AC31D800EE297A /* ContentView.swift */ = {isa = PBXFileReference; lastKnownFileType = sourcecode.swift; path = ContentView.swift; sourceTree = "<group>"; };
		F2FB44C523AC31DA00EE297A /* Assets.xcassets */ = {isa = PBXFileReference; lastKnownFileType = folder.assetcatalog; path = Assets.xcassets; sourceTree = "<group>"; };
		F2FB44C823AC31DA00EE297A /* Preview Assets.xcassets */ = {isa = PBXFileReference; lastKnownFileType = folder.assetcatalog; path = "Preview Assets.xcassets"; sourceTree = "<group>"; };
		F2FB44CB23AC31DA00EE297A /* Base */ = {isa = PBXFileReference; lastKnownFileType = file.storyboard; name = Base; path = Base.lproj/LaunchScreen.storyboard; sourceTree = "<group>"; };
		F2FB44CD23AC31DA00EE297A /* Info.plist */ = {isa = PBXFileReference; lastKnownFileType = text.plist.xml; path = Info.plist; sourceTree = "<group>"; };
/* End PBXFileReference section */

/* Begin PBXFrameworksBuildPhase section */
		F2FB44B923AC31D800EE297A /* Frameworks */ = {
			isa = PBXFrameworksBuildPhase;
			buildActionMask = 2147483647;
			files = (
			);
			runOnlyForDeploymentPostprocessing = 0;
		};
/* End PBXFrameworksBuildPhase section */

/* Begin PBXGroup section */
		F2FB44B323AC31D800EE297A = {
			isa = PBXGroup;
			children = (
				F2FB44BE23AC31D800EE297A /* LearnSmart */,
				F2FB44BD23AC31D800EE297A /* Products */,
			);
			sourceTree = "<group>";
		};
		F2FB44BD23AC31D800EE297A /* Products */ = {
			isa = PBXGroup;
			children = (
				F2FB44BC23AC31D800EE297A /* LearnSmart.app */,
			);
			name = Products;
			sourceTree = "<group>";
		};
		F2FB44BE23AC31D800EE297A /* LearnSmart */ = {
			isa = PBXGroup;
			children = (
				F2FB44BF23AC31D800EE297A /* AppDelegate.swift */,
				F2FB44C123AC31D800EE297A /* SceneDelegate.swift */,
				F2FB44C323AC31D800EE297A /* ContentView.swift */,
				F2FB44C523AC31DA00EE297A /* Assets.xcassets */,
				F2FB44CA23AC31DA00EE297A /* LaunchScreen.storyboard */,
				F2FB44CD23AC31DA00EE297A /* Info.plist */,
				F2FB44C723AC31DA00EE297A /* Preview Content */,
			);
			path = LearnSmart;
			sourceTree = "<group>";
		};
		F2FB44C723AC31DA00EE297A /* Preview Content */ = {
			isa = PBXGroup;
			children = (
				F2FB44C823AC31DA00EE297A /* Preview Assets.xcassets */,
			);
			path = "Preview Content";
			sourceTree = "<group>";
		};
/* End PBXGroup section */

/* Begin PBXNativeTarget section */
		F2FB44BB23AC31D800EE297A /* LearnSmart */ = {
			isa = PBXNativeTarget;
			buildConfigurationList = F2FB44D023AC31DA00EE297A /* Build configuration list for PBXNativeTarget "LearnSmart" */;
			buildPhases = (
				F2FB44B823AC31D800EE297A /* Sources */,
				F2FB44B923AC31D800EE297A /* Frameworks */,
				F2FB44BA23AC31D800EE297A /* Resources */,
			);
			buildRules = (
			);
			dependencies = (
			);
			name = LearnSmart;
			productName = LearnSmart;
			productReference = F2FB44BC23AC31D800EE297A /* LearnSmart.app */;
			productType = "com.apple.product-type.application";
		};
/* End PBXNativeTarget section */

/* Begin PBXProject section */
		F2FB44B423AC31D800EE297A /* Project object */ = {
			isa = PBXProject;
			attributes = {
				LastSwiftUpdateCheck = 1130;
				LastUpgradeCheck = 1130;
				ORGANIZATIONNAME = "Nguyen Dinh Thang";
				TargetAttributes = {
					F2FB44BB23AC31D800EE297A = {
						CreatedOnToolsVersion = 11.3;
					};
				};
			};
			buildConfigurationList = F2FB44B723AC31D800EE297A /* Build configuration list for PBXProject "LearnSmart" */;
			compatibilityVersion = "Xcode 9.3";
			developmentRegion = en;
			hasScannedForEncodings = 0;
			knownRegions = (
				en,
				Base,
			);
			mainGroup = F2FB44B323AC31D800EE297A;
			productRefGroup = F2FB44BD23AC31D800EE297A /* Products */;
			projectDirPath = "";
			projectRoot = "";
			targets = (
				F2FB44BB23AC31D800EE297A /* LearnSmart */,
			);
		};
/* End PBXProject section */

/* Begin PBXResourcesBuildPhase section */
		F2FB44BA23AC31D800EE297A /* Resources */ = {
			isa = PBXResourcesBuildPhase;
			buildActionMask = 2147483647;
			files = (
				F2FB44CC23AC31DA00EE297A /* LaunchScreen.storyboard in Resources */,
				F2FB44C923AC31DA00EE297A /* Preview Assets.xcassets in Resources */,
				F2FB44C623AC31DA00EE297A /* Assets.xcassets in Resources */,
			);
			runOnlyForDeploymentPostprocessing = 0;
		};
/* End PBXResourcesBuildPhase section */

/* Begin PBXSourcesBuildPhase section */
		F2FB44B823AC31D800EE297A /* Sources */ = {
			isa = PBXSourcesBuildPhase;
			buildActionMask = 2147483647;
			files = (
				F2FB44C023AC31D800EE297A /* AppDelegate.swift in Sources */,
				F2FB44C223AC31D800EE297A /* SceneDelegate.swift in Sources */,
				F2FB44C423AC31D800EE297A /* ContentView.swift in Sources */,
			);
			runOnlyForDeploymentPostprocessing = 0;
		};
/* End PBXSourcesBuildPhase section */

/* Begin PBXVariantGroup section */
		F2FB44CA23AC31DA00EE297A /* LaunchScreen.storyboard */ = {
			isa = PBXVariantGroup;
			children = (
				F2FB44CB23AC31DA00EE297A /* Base */,
			);
			name = LaunchScreen.storyboard;
			sourceTree = "<group>";
		};
/* End PBXVariantGroup section */

/* Begin XCBuildConfiguration section */
		F2FB44CE23AC31DA00EE297A /* Debug */ = {
			isa = XCBuildConfiguration;
			buildSettings = {
				ALWAYS_SEARCH_USER_PATHS = NO;
				CLANG_ANALYZER_NONNULL = YES;
				CLANG_ANALYZER_NUMBER_OBJECT_CONVERSION = YES_AGGRESSIVE;
				CLANG_CXX_LANGUAGE_STANDARD = "gnu++14";
				CLANG_CXX_LIBRARY = "libc++";
				CLANG_ENABLE_MODULES = YES;
				CLANG_ENABLE_OBJC_ARC = YES;
				CLANG_ENABLE_OBJC_WEAK = YES;
				CLANG_WARN_BLOCK_CAPTURE_AUTORELEASING = YES;
				CLANG_WARN_BOOL_CONVERSION = YES;
				CLANG_WARN_COMMA = YES;
				CLANG_WARN_CONSTANT_CONVERSION = YES;
				CLANG_WARN_DEPRECATED_OBJC_IMPLEMENTATIONS = YES;
				CLANG_WARN_DIRECT_OBJC_ISA_USAGE = YES_ERROR;
				CLANG_WARN_DOCUMENTATION_COMMENTS = YES;
				CLANG_WARN_EMPTY_BODY = YES;
				CLANG_WARN_ENUM_CONVERSION = YES;
				CLANG_WARN_INFINITE_RECURSION = YES;
				CLANG_WARN_INT_CONVERSION = YES;
				CLANG_WARN_NON_LITERAL_NULL_CONVERSION = YES;
				CLANG_WARN_OBJC_IMPLICIT_RETAIN_SELF = YES;
				CLANG_WARN_OBJC_LITERAL_CONVERSION = YES;
				CLANG_WARN_OBJC_ROOT_CLASS = YES_ERROR;
				CLANG_WARN_RANGE_LOOP_ANALYSIS = YES;
				CLANG_WARN_STRICT_PROTOTYPES = YES;
				CLANG_WARN_SUSPICIOUS_MOVE = YES;
				CLANG_WARN_UNGUARDED_AVAILABILITY = YES_AGGRESSIVE;
				CLANG_WARN_UNREACHABLE_CODE = YES;
				CLANG_WARN__DUPLICATE_METHOD_MATCH = YES;
				COPY_PHASE_STRIP = NO;
				DEBUG_INFORMATION_FORMAT = dwarf;
				ENABLE_STRICT_OBJC_MSGSEND = YES;
				ENABLE_TESTABILITY = YES;
				GCC_C_LANGUAGE_STANDARD = gnu11;
				GCC_DYNAMIC_NO_PIC = NO;
				GCC_NO_COMMON_BLOCKS = YES;
				GCC_OPTIMIZATION_LEVEL = 0;
				GCC_PREPROCESSOR_DEFINITIONS = (
					"DEBUG=1",
					"$(inherited)",
				);
				GCC_WARN_64_TO_32_BIT_CONVERSION = YES;
				GCC_WARN_ABOUT_RETURN_TYPE = YES_ERROR;
				GCC_WARN_UNDECLARED_SELECTOR = YES;
				GCC_WARN_UNINITIALIZED_AUTOS = YES_AGGRESSIVE;
				GCC_WARN_UNUSED_FUNCTION = YES;
				GCC_WARN_UNUSED_VARIABLE = YES;
				IPHONEOS_DEPLOYMENT_TARGET = 13.2;
				MTL_ENABLE_DEBUG_INFO = INCLUDE_SOURCE;
				MTL_FAST_MATH = YES;
				ONLY_ACTIVE_ARCH = YES;
				SDKROOT = iphoneos;
				SWIFT_ACTIVE_COMPILATION_CONDITIONS = DEBUG;
				SWIFT_OPTIMIZATION_LEVEL = "-Onone";
			};
			name = Debug;
		};
		F2FB44CF23AC31DA00EE297A /* Release */ = {
			isa = XCBuildConfiguration;
			buildSettings = {
				ALWAYS_SEARCH_USER_PATHS = NO;
				CLANG_ANALYZER_NONNULL = YES;
				CLANG_ANALYZER_NUMBER_OBJECT_CONVERSION = YES_AGGRESSIVE;
				CLANG_CXX_LANGUAGE_STANDARD = "gnu++14";
				CLANG_CXX_LIBRARY = "libc++";
				CLANG_ENABLE_MODULES = YES;
				CLANG_ENABLE_OBJC_ARC = YES;
				CLANG_ENABLE_OBJC_WEAK = YES;
				CLANG_WARN_BLOCK_CAPTURE_AUTORELEASING = YES;
				CLANG_WARN_BOOL_CONVERSION = YES;
				CLANG_WARN_COMMA = YES;
				CLANG_WARN_CONSTANT_CONVERSION = YES;
				CLANG_WARN_DEPRECATED_OBJC_IMPLEMENTATIONS = YES;
				CLANG_WARN_DIRECT_OBJC_ISA_USAGE = YES_ERROR;
				CLANG_WARN_DOCUMENTATION_COMMENTS = YES;
				CLANG_WARN_EMPTY_BODY = YES;
				CLANG_WARN_ENUM_CONVERSION = YES;
				CLANG_WARN_INFINITE_RECURSION = YES;
				CLANG_WARN_INT_CONVERSION = YES;
				CLANG_WARN_NON_LITERAL_NULL_CONVERSION = YES;
				CLANG_WARN_OBJC_IMPLICIT_RETAIN_SELF = YES;
				CLANG_WARN_OBJC_LITERAL_CONVERSION = YES;
				CLANG_WARN_OBJC_ROOT_CLASS = YES_ERROR;
				CLANG_WARN_RANGE_LOOP_ANALYSIS = YES;
				CLANG_WARN_STRICT_PROTOTYPES = YES;
				CLANG_WARN_SUSPICIOUS_MOVE = YES;
				CLANG_WARN_UNGUARDED_AVAILABILITY = YES_AGGRESSIVE;
				CLANG_WARN_UNREACHABLE_CODE = YES;
				CLANG_WARN__DUPLICATE_METHOD_MATCH = YES;
				COPY_PHASE_STRIP = NO;
				DEBUG_INFORMATION_FORMAT = "dwarf-with-dsym";
				ENABLE_NS_ASSERTIONS = NO;
				ENABLE_STRICT_OBJC_MSGSEND = YES;
				GCC_C_LANGUAGE_STANDARD = gnu11;
				GCC_NO_COMMON_BLOCKS = YES;
				GCC_WARN_64_TO_32_BIT_CONVERSION = YES;
				GCC_WARN_ABOUT_RETURN_TYPE = YES_ERROR;
				GCC_WARN_UNDECLARED_SELECTOR = YES;
				GCC_WARN_UNINITIALIZED_AUTOS = YES_AGGRESSIVE;
				GCC_WARN_UNUSED_FUNCTION = YES;
				GCC_WARN_UNUSED_VARIABLE = YES;
				IPHONEOS_DEPLOYMENT_TARGET = 13.2;
				MTL_ENABLE_DEBUG_INFO = NO;
				MTL_FAST_MATH = YES;
				SDKROOT = iphoneos;
				SWIFT_COMPILATION_MODE = wholemodule;
				SWIFT_OPTIMIZATION_LEVEL = "-O";
				VALIDATE_PRODUCT = YES;
			};
			name = Release;
		};
		F2FB44D123AC31DA00EE297A /* Debug */ = {
			isa = XCBuildConfiguration;
			buildSettings = {
				ASSETCATALOG_COMPILER_APPICON_NAME = AppIcon;
				CODE_SIGN_STYLE = Automatic;
				DEVELOPMENT_ASSET_PATHS = "\"LearnSmart/Preview Content\"";
				DEVELOPMENT_TEAM = Y3HM2NJ7C3;
				ENABLE_PREVIEWS = YES;
				INFOPLIST_FILE = LearnSmart/Info.plist;
				LD_RUNPATH_SEARCH_PATHS = (
					"$(inherited)",
					"@executable_path/Frameworks",
				);
				PRODUCT_BUNDLE_IDENTIFIER = wotaStudio.LearnSmart;
				PRODUCT_NAME = "$(TARGET_NAME)";
				SWIFT_VERSION = 5.0;
				TARGETED_DEVICE_FAMILY = "1,2";
			};
			name = Debug;
		};
		F2FB44D223AC31DA00EE297A /* Release */ = {
			isa = XCBuildConfiguration;
			buildSettings = {
				ASSETCATALOG_COMPILER_APPICON_NAME = AppIcon;
				CODE_SIGN_STYLE = Automatic;
				DEVELOPMENT_ASSET_PATHS = "\"LearnSmart/Preview Content\"";
				DEVELOPMENT_TEAM = Y3HM2NJ7C3;
				ENABLE_PREVIEWS = YES;
				INFOPLIST_FILE = LearnSmart/Info.plist;
				LD_RUNPATH_SEARCH_PATHS = (
					"$(inherited)",
					"@executable_path/Frameworks",
				);
				PRODUCT_BUNDLE_IDENTIFIER = wotaStudio.LearnSmart;
				PRODUCT_NAME = "$(TARGET_NAME)";
				SWIFT_VERSION = 5.0;
				TARGETED_DEVICE_FAMILY = "1,2";
			};
			name = Release;
		};
/* End XCBuildConfiguration section */

/* Begin XCConfigurationList section */
		F2FB44B723AC31D800EE297A /* Build configuration list for PBXProject "LearnSmart" */ = {
			isa = XCConfigurationList;
			buildConfigurations = (
				F2FB44CE23AC31DA00EE297A /* Debug */,
				F2FB44CF23AC31DA00EE297A /* Release */,
			);
			defaultConfigurationIsVisible = 0;
			defaultConfigurationName = Release;
		};
		F2FB44D023AC31DA00EE297A /* Build configuration list for PBXNativeTarget "LearnSmart" */ = {
			isa = XCConfigurationList;
			buildConfigurations = (
				F2FB44D123AC31DA00EE297A /* Debug */,
				F2FB44D223AC31DA00EE297A /* Release */,
			);
			defaultConfigurationIsVisible = 0;
			defaultConfigurationName = Release;
		};
/* End XCConfigurationList section */
	};
	rootObject = F2FB44B423AC31D800EE297A /* Project object */;
}
